
Microsoft Visual Studio Solution File, Format Version 12.00
# Visual Studio Version 17
VisualStudioVersion = 17.10.34928.147
MinimumVisualStudioVersion = 10.0.40219.1
Project("{9A19103F-16F7-4668-BE54-9A1E7A4F7556}") = "RF Technologies", "RF Technologies.csproj", "{9E50E80A-583C-4766-82D8-A8CA7AD53B00}"
EndProject
Project("{FAE04EC0-301F-11D3-BF4B-00C04F79EFBC}") = "RF Technologies.Data Access", "..\RF Technologies.Data Access\RF Technologies.Data Access.csproj", "{90B3FE1B-84BD-4646-9D9F-17A1B0C29232}"
EndProject
Project("{FAE04EC0-301F-11D3-BF4B-00C04F79EFBC}") = "RF Technologies.Utility", "..\RF Technologies.Utility\RF Technologies.Utility.csproj", "{E1AFC001-444C-4FAD-A600-E80D15D6673C}"
EndProject
Project("{FAE04EC0-301F-11D3-BF4B-00C04F79EFBC}") = "RF Technologies.Model", "..\RF Technologies.Model\RF Technologies.Model.csproj", "{4EE42ED3-481D-45B3-BC4D-1A62F0886C88}"
EndProject
Global
	GlobalSection(SolutionConfigurationPlatforms) = preSolution
		Debug|Any CPU = Debug|Any CPU
		Release|Any CPU = Release|Any CPU
	EndGlobalSection
	GlobalSection(ProjectConfigurationPlatforms) = postSolution
		{9E50E80A-583C-4766-82D8-A8CA7AD53B00}.Debug|Any CPU.ActiveCfg = Debug|Any CPU
		{9E50E80A-583C-4766-82D8-A8CA7AD53B00}.Debug|Any CPU.Build.0 = Debug|Any CPU
		{9E50E80A-583C-4766-82D8-A8CA7AD53B00}.Release|Any CPU.ActiveCfg = Release|Any CPU
		{9E50E80A-583C-4766-82D8-A8CA7AD53B00}.Release|Any CPU.Build.0 = Release|Any CPU
		{90B3FE1B-84BD-4646-9D9F-17A1B0C29232}.Debug|Any CPU.ActiveCfg = Debug|Any CPU
		{90B3FE1B-84BD-4646-9D9F-17A1B0C29232}.Debug|Any CPU.Build.0 = Debug|Any CPU
		{90B3FE1B-84BD-4646-9D9F-17A1B0C29232}.Release|Any CPU.ActiveCfg = Release|Any CPU
		{90B3FE1B-84BD-4646-9D9F-17A1B0C29232}.Release|Any CPU.Build.0 = Release|Any CPU
		{E1AFC001-444C-4FAD-A600-E80D15D6673C}.Debug|Any CPU.ActiveCfg = Debug|Any CPU
		{E1AFC001-444C-4FAD-A600-E80D15D6673C}.Debug|Any CPU.Build.0 = Debug|Any CPU
		{E1AFC001-444C-4FAD-A600-E80D15D6673C}.Release|Any CPU.ActiveCfg = Release|Any CPU
		{E1AFC001-444C-4FAD-A600-E80D15D6673C}.Release|Any CPU.Build.0 = Release|Any CPU
		{4EE42ED3-481D-45B3-BC4D-1A62F0886C88}.Debug|Any CPU.ActiveCfg = Debug|Any CPU
		{4EE42ED3-481D-45B3-BC4D-1A62F0886C88}.Debug|Any CPU.Build.0 = Debug|Any CPU
		{4EE42ED3-481D-45B3-BC4D-1A62F0886C88}.Release|Any CPU.ActiveCfg = Release|Any CPU
		{4EE42ED3-481D-45B3-BC4D-1A62F0886C88}.Release|Any CPU.Build.0 = Release|Any CPU
	EndGlobalSection
	GlobalSection(SolutionProperties) = preSolution
		HideSolutionNode = FALSE
	EndGlobalSection
	GlobalSection(ExtensibilityGlobals) = postSolution
		SolutionGuid = {9918A98F-CB9F-4F98-B079-1E331B065C3A}
	EndGlobalSection
EndGlobal
